// !$*UTF8*$!
{
	archiveVersion = 1;
	classes = {
	};
	objectVersion = 46;
	objects = {

/* Begin PBXBuildFile section */
		969FB79D1AE55DA900462553 /* AppDelegate.swift in Sources */ = {isa = PBXBuildFile; fileRef = 969FB79C1AE55DA900462553 /* AppDelegate.swift */; };
		969FB79F1AE55DA900462553 /* ViewController.swift in Sources */ = {isa = PBXBuildFile; fileRef = 969FB79E1AE55DA900462553 /* ViewController.swift */; };
		969FB7A21AE55DAA00462553 /* Main.storyboard in Resources */ = {isa = PBXBuildFile; fileRef = 969FB7A01AE55DAA00462553 /* Main.storyboard */; };
		969FB7A41AE55DAA00462553 /* Images.xcassets in Resources */ = {isa = PBXBuildFile; fileRef = 969FB7A31AE55DAA00462553 /* Images.xcassets */; };
		969FB7A71AE55DAA00462553 /* LaunchScreen.xib in Resources */ = {isa = PBXBuildFile; fileRef = 969FB7A51AE55DAA00462553 /* LaunchScreen.xib */; };
		969FB7B31AE55DAA00462553 /* Slider_SamplerTests.swift in Sources */ = {isa = PBXBuildFile; fileRef = 969FB7B21AE55DAA00462553 /* Slider_SamplerTests.swift */; };
/* End PBXBuildFile section */

/* Begin PBXContainerItemProxy section */
		969FB7AD1AE55DAA00462553 /* PBXContainerItemProxy */ = {
			isa = PBXContainerItemProxy;
			containerPortal = 969FB78F1AE55DA900462553 /* Project object */;
			proxyType = 1;
			remoteGlobalIDString = 969FB7961AE55DA900462553;
			remoteInfo = "Slider Sampler";
		};
/* End PBXContainerItemProxy section */

/* Begin PBXFileReference section */
		969FB7971AE55DA900462553 /* Slider Sampler.app */ = {isa = PBXFileReference; explicitFileType = wrapper.application; includeInIndex = 0; path = "Slider Sampler.app"; sourceTree = BUILT_PRODUCTS_DIR; };
		969FB79B1AE55DA900462553 /* Info.plist */ = {isa = PBXFileReference; lastKnownFileType = text.plist.xml; path = Info.plist; sourceTree = "<group>"; };
		969FB79C1AE55DA900462553 /* AppDelegate.swift */ = {isa = PBXFileReference; lastKnownFileType = sourcecode.swift; path = AppDelegate.swift; sourceTree = "<group>"; };
		969FB79E1AE55DA900462553 /* ViewController.swift */ = {isa = PBXFileReference; lastKnownFileType = sourcecode.swift; path = ViewController.swift; sourceTree = "<group>"; };
		969FB7A11AE55DAA00462553 /* Base */ = {isa = PBXFileReference; lastKnownFileType = file.storyboard; name = Base; path = Base.lproj/Main.storyboard; sourceTree = "<group>"; };
		969FB7A31AE55DAA00462553 /* Images.xcassets */ = {isa = PBXFileReference; lastKnownFileType = folder.assetcatalog; path = Images.xcassets; sourceTree = "<group>"; };
		969FB7A61AE55DAA00462553 /* Base */ = {isa = PBXFileReference; lastKnownFileType = file.xib; name = Base; path = Base.lproj/LaunchScreen.xib; sourceTree = "<group>"; };
		969FB7AC1AE55DAA00462553 /* Slider SamplerTests.xctest */ = {isa = PBXFileReference; explicitFileType = wrapper.cfbundle; includeInIndex = 0; path = "Slider SamplerTests.xctest"; sourceTree = BUILT_PRODUCTS_DIR; };
		969FB7B11AE55DAA00462553 /* Info.plist */ = {isa = PBXFileReference; lastKnownFileType = text.plist.xml; path = Info.plist; sourceTree = "<group>"; };
		969FB7B21AE55DAA00462553 /* Slider_SamplerTests.swift */ = {isa = PBXFileReference; lastKnownFileType = sourcecode.swift; path = Slider_SamplerTests.swift; sourceTree = "<group>"; };
/* End PBXFileReference section */

/* Begin PBXFrameworksBuildPhase section */
		969FB7941AE55DA900462553 /* Frameworks */ = {
			isa = PBXFrameworksBuildPhase;
			buildActionMask = 2147483647;
			files = (
			);
			runOnlyForDeploymentPostprocessing = 0;
		};
		969FB7A91AE55DAA00462553 /* Frameworks */ = {
			isa = PBXFrameworksBuildPhase;
			buildActionMask = 2147483647;
			files = (
			);
			runOnlyForDeploymentPostprocessing = 0;
		};
/* End PBXFrameworksBuildPhase section */

/* Begin PBXGroup section */
		969FB78E1AE55DA900462553 = {
			isa = PBXGroup;
			children = (
				969FB7991AE55DA900462553 /* Slider Sampler */,
				969FB7AF1AE55DAA00462553 /* Slider SamplerTests */,
				969FB7981AE55DA900462553 /* Products */,
			);
			sourceTree = "<group>";
		};
		969FB7981AE55DA900462553 /* Products */ = {
			isa = PBXGroup;
			children = (
				969FB7971AE55DA900462553 /* Slider Sampler.app */,
				969FB7AC1AE55DAA00462553 /* Slider SamplerTests.xctest */,
			);
			name = Products;
			sourceTree = "<group>";
		};
		969FB7991AE55DA900462553 /* Slider Sampler */ = {
			isa = PBXGroup;
			children = (
				969FB79C1AE55DA900462553 /* AppDelegate.swift */,
				969FB79E1AE55DA900462553 /* ViewController.swift */,
				969FB7A01AE55DAA00462553 /* Main.storyboard */,
				969FB7A31AE55DAA00462553 /* Images.xcassets */,
				969FB7A51AE55DAA00462553 /* LaunchScreen.xib */,
				969FB79A1AE55DA900462553 /* Supporting Files */,
			);
			path = "Slider Sampler";
			sourceTree = "<group>";
		};
		969FB79A1AE55DA900462553 /* Supporting Files */ = {
			isa = PBXGroup;
			children = (
				969FB79B1AE55DA900462553 /* Info.plist */,
			);
			name = "Supporting Files";
			sourceTree = "<group>";
		};
		969FB7AF1AE55DAA00462553 /* Slider SamplerTests */ = {
			isa = PBXGroup;
			children = (
				969FB7B21AE55DAA00462553 /* Slider_SamplerTests.swift */,
				969FB7B01AE55DAA00462553 /* Supporting Files */,
			);
			path = "Slider SamplerTests";
			sourceTree = "<group>";
		};
		969FB7B01AE55DAA00462553 /* Supporting Files */ = {
			isa = PBXGroup;
			children = (
				969FB7B11AE55DAA00462553 /* Info.plist */,
			);
			name = "Supporting Files";
			sourceTree = "<group>";
		};
/* End PBXGroup section */

/* Begin PBXNativeTarget section */
		969FB7961AE55DA900462553 /* Slider Sampler */ = {
			isa = PBXNativeTarget;
			buildConfigurationList = 969FB7B61AE55DAA00462553 /* Build configuration list for PBXNativeTarget "Slider Sampler" */;
			buildPhases = (
				969FB7931AE55DA900462553 /* Sources */,
				969FB7941AE55DA900462553 /* Frameworks */,
				969FB7951AE55DA900462553 /* Resources */,
			);
			buildRules = (
			);
			dependencies = (
			);
			name = "Slider Sampler";
			productName = "Slider Sampler";
			productReference = 969FB7971AE55DA900462553 /* Slider Sampler.app */;
			productType = "com.apple.product-type.application";
		};
		969FB7AB1AE55DAA00462553 /* Slider SamplerTests */ = {
			isa = PBXNativeTarget;
			buildConfigurationList = 969FB7B91AE55DAA00462553 /* Build configuration list for PBXNativeTarget "Slider SamplerTests" */;
			buildPhases = (
				969FB7A81AE55DAA00462553 /* Sources */,
				969FB7A91AE55DAA00462553 /* Frameworks */,
				969FB7AA1AE55DAA00462553 /* Resources */,
			);
			buildRules = (
			);
			dependencies = (
				969FB7AE1AE55DAA00462553 /* PBXTargetDependency */,
			);
			name = "Slider SamplerTests";
			productName = "Slider SamplerTests";
			productReference = 969FB7AC1AE55DAA00462553 /* Slider SamplerTests.xctest */;
			productType = "com.apple.product-type.bundle.unit-test";
		};
/* End PBXNativeTarget section */

/* Begin PBXProject section */
		969FB78F1AE55DA900462553 /* Project object */ = {
			isa = PBXProject;
			attributes = {
				LastUpgradeCheck = 0630;
				ORGANIZATIONNAME = "Jim Veneskey";
				TargetAttributes = {
					969FB7961AE55DA900462553 = {
						CreatedOnToolsVersion = 6.3;
					};
					969FB7AB1AE55DAA00462553 = {
						CreatedOnToolsVersion = 6.3;
						TestTargetID = 969FB7961AE55DA900462553;
					};
				};
			};
			buildConfigurationList = 969FB7921AE55DA900462553 /* Build configuration list for PBXProject "Slider Sampler" */;
			compatibilityVersion = "Xcode 3.2";
			developmentRegion = English;
			hasScannedForEncodings = 0;
			knownRegions = (
				en,
				Base,
			);
			mainGroup = 969FB78E1AE55DA900462553;
			productRefGroup = 969FB7981AE55DA900462553 /* Products */;
			projectDirPath = "";
			projectRoot = "";
			targets = (
				969FB7961AE55DA900462553 /* Slider Sampler */,
				969FB7AB1AE55DAA00462553 /* Slider SamplerTests */,
			);
		};
/* End PBXProject section */

/* Begin PBXResourcesBuildPhase section */
		969FB7951AE55DA900462553 /* Resources */ = {
			isa = PBXResourcesBuildPhase;
			buildActionMask = 2147483647;
			files = (
				969FB7A21AE55DAA00462553 /* Main.storyboard in Resources */,
				969FB7A71AE55DAA00462553 /* LaunchScreen.xib in Resources */,
				969FB7A41AE55DAA00462553 /* Images.xcassets in Resources */,
			);
			runOnlyForDeploymentPostprocessing = 0;
		};
		969FB7AA1AE55DAA00462553 /* Resources */ = {
			isa = PBXResourcesBuildPhase;
			buildActionMask = 2147483647;
			files = (
			);
			runOnlyForDeploymentPostprocessing = 0;
		};
/* End PBXResourcesBuildPhase section */

/* Begin PBXSourcesBuildPhase section */
		969FB7931AE55DA900462553 /* Sources */ = {
			isa = PBXSourcesBuildPhase;
			buildActionMask = 2147483647;
			files = (
				969FB79F1AE55DA900462553 /* ViewController.swift in Sources */,
				969FB79D1AE55DA900462553 /* AppDelegate.swift in Sources */,
			);
			runOnlyForDeploymentPostprocessing = 0;
		};
		969FB7A81AE55DAA00462553 /* Sources */ = {
			isa = PBXSourcesBuildPhase;
			buildActionMask = 2147483647;
			files = (
				969FB7B31AE55DAA00462553 /* Slider_SamplerTests.swift in Sources */,
			);
			runOnlyForDeploymentPostprocessing = 0;
		};
/* End PBXSourcesBuildPhase section */

/* Begin PBXTargetDependency section */
		969FB7AE1AE55DAA00462553 /* PBXTargetDependency */ = {
			isa = PBXTargetDependency;
			target = 969FB7961AE55DA900462553 /* Slider Sampler */;
			targetProxy = 969FB7AD1AE55DAA00462553 /* PBXContainerItemProxy */;
		};
/* End PBXTargetDependency section */

/* Begin PBXVariantGroup section */
		969FB7A01AE55DAA00462553 /* Main.storyboard */ = {
			isa = PBXVariantGroup;
			children = (
				969FB7A11AE55DAA00462553 /* Base */,
			);
			name = Main.storyboard;
			sourceTree = "<group>";
		};
		969FB7A51AE55DAA00462553 /* LaunchScreen.xib */ = {
			isa = PBXVariantGroup;
			children = (
				969FB7A61AE55DAA00462553 /* Base */,
			);
			name = LaunchScreen.xib;
			sourceTree = "<group>";
		};
/* End PBXVariantGroup section */

/* Begin XCBuildConfiguration section */
		969FB7B41AE55DAA00462553 /* Debug */ = {
			isa = XCBuildConfiguration;
			buildSettings = {
				ALWAYS_SEARCH_USER_PATHS = NO;
				CLANG_CXX_LANGUAGE_STANDARD = "gnu++0x";
				CLANG_CXX_LIBRARY = "libc++";
				CLANG_ENABLE_MODULES = YES;
				CLANG_ENABLE_OBJC_ARC = YES;
				CLANG_WARN_BOOL_CONVERSION = YES;
				CLANG_WARN_CONSTANT_CONVERSION = YES;
				CLANG_WARN_DIRECT_OBJC_ISA_USAGE = YES_ERROR;
				CLANG_WARN_EMPTY_BODY = YES;
				CLANG_WARN_ENUM_CONVERSION = YES;
				CLANG_WARN_INT_CONVERSION = YES;
				CLANG_WARN_OBJC_ROOT_CLASS = YES_ERROR;
				CLANG_WARN_UNREACHABLE_CODE = YES;
				CLANG_WARN__DUPLICATE_METHOD_MATCH = YES;
				"CODE_SIGN_IDENTITY[sdk=iphoneos*]" = "iPhone Developer";
				COPY_PHASE_STRIP = NO;
				DEBUG_INFORMATION_FORMAT = "dwarf-with-dsym";
				ENABLE_STRICT_OBJC_MSGSEND = YES;
				GCC_C_LANGUAGE_STANDARD = gnu99;
				GCC_DYNAMIC_NO_PIC = NO;
				GCC_NO_COMMON_BLOCKS = YES;
				GCC_OPTIMIZATION_LEVEL = 0;
				GCC_PREPROCESSOR_DEFINITIONS = (
					"DEBUG=1",
					"$(inherited)",
				);
				GCC_SYMBOLS_PRIVATE_EXTERN = NO;
				GCC_WARN_64_TO_32_BIT_CONVERSION = YES;
				GCC_WARN_ABOUT_RETURN_TYPE = YES_ERROR;
				GCC_WARN_UNDECLARED_SELECTOR = YES;
				GCC_WARN_UNINITIALIZED_AUTOS = YES_AGGRESSIVE;
				GCC_WARN_UNUSED_FUNCTION = YES;
				GCC_WARN_UNUSED_VARIABLE = YES;
				IPHONEOS_DEPLOYMENT_TARGET = 8.3;
				MTL_ENABLE_DEBUG_INFO = YES;
				ONLY_ACTIVE_ARCH = YES;
				SDKROOT = iphoneos;
				SWIFT_OPTIMIZATION_LEVEL = "-Onone";
			};
			name = Debug;
		};
		969FB7B51AE55DAA00462553 /* Release */ = {
			isa = XCBuildConfiguration;
			buildSettings = {
				ALWAYS_SEARCH_USER_PATHS = NO;
				CLANG_CXX_LANGUAGE_STANDARD = "gnu++0x";
				CLANG_CXX_LIBRARY = "libc++";
				CLANG_ENABLE_MODULES = YES;
				CLANG_ENABLE_OBJC_ARC = YES;
				CLANG_WARN_BOOL_CONVERSION = YES;
				CLANG_WARN_CONSTANT_CONVERSION = YES;
				CLANG_WARN_DIRECT_OBJC_ISA_USAGE = YES_ERROR;
				CLANG_WARN_EMPTY_BODY = YES;
				CLANG_WARN_ENUM_CONVERSION = YES;
				CLANG_WARN_INT_CONVERSION = YES;
				CLANG_WARN_OBJC_ROOT_CLASS = YES_ERROR;
				CLANG_WARN_UNREACHABLE_CODE = YES;
				CLANG_WARN__DUPLICATE_METHOD_MATCH = YES;
				"CODE_SIGN_IDENTITY[sdk=iphoneos*]" = "iPhone Developer";
				COPY_PHASE_STRIP = NO;
				DEBUG_INFORMATION_FORMAT = "dwarf-with-dsym";
				ENABLE_NS_ASSERTIONS = NO;
				ENABLE_STRICT_OBJC_MSGSEND = YES;
				GCC_C_LANGUAGE_STANDARD = gnu99;
				GCC_NO_COMMON_BLOCKS = YES;
				GCC_WARN_64_TO_32_BIT_CONVERSION = YES;
				GCC_WARN_ABOUT_RETURN_TYPE = YES_ERROR;
				GCC_WARN_UNDECLARED_SELECTOR = YES;
				GCC_WARN_UNINITIALIZED_AUTOS = YES_AGGRESSIVE;
				GCC_WARN_UNUSED_FUNCTION = YES;
				GCC_WARN_UNUSED_VARIABLE = YES;
				IPHONEOS_DEPLOYMENT_TARGET = 8.3;
				MTL_ENABLE_DEBUG_INFO = NO;
				SDKROOT = iphoneos;
				VALIDATE_PRODUCT = YES;
			};
			name = Release;
		};
		969FB7B71AE55DAA00462553 /* Debug */ = {
			isa = XCBuildConfiguration;
			buildSettings = {
				ASSETCATALOG_COMPILER_APPICON_NAME = AppIcon;
				INFOPLIST_FILE = "Slider Sampler/Info.plist";
				LD_RUNPATH_SEARCH_PATHS = "$(inherited) @executable_path/Frameworks";
				PRODUCT_NAME = "$(TARGET_NAME)";
			};
			name = Debug;
		};
		969FB7B81AE55DAA00462553 /* Release */ = {
			isa = XCBuildConfiguration;
			buildSettings = {
				ASSETCATALOG_COMPILER_APPICON_NAME = AppIcon;
				INFOPLIST_FILE = "Slider Sampler/Info.plist";
				LD_RUNPATH_SEARCH_PATHS = "$(inherited) @executable_path/Frameworks";
				PRODUCT_NAME = "$(TARGET_NAME)";
			};
			name = Release;
		};
		969FB7BA1AE55DAA00462553 /* Debug */ = {
			isa = XCBuildConfiguration;
			buildSettings = {
				BUNDLE_LOADER = "$(TEST_HOST)";
				FRAMEWORK_SEARCH_PATHS = (
					"$(SDKROOT)/Developer/Library/Frameworks",
					"$(inherited)",
				);
				GCC_PREPROCESSOR_DEFINITIONS = (
					"DEBUG=1",
					"$(inherited)",
				);
				INFOPLIST_FILE = "Slider SamplerTests/Info.plist";
				LD_RUNPATH_SEARCH_PATHS = "$(inherited) @executable_path/Frameworks @loader_path/Frameworks";
				PRODUCT_NAME = "$(TARGET_NAME)";
				TEST_HOST = "$(BUILT_PRODUCTS_DIR)/Slider Sampler.app/Slider Sampler";
			};
			name = Debug;
		};
		969FB7BB1AE55DAA00462553 /* Release */ = {
			isa = XCBuildConfiguration;
			buildSettings = {
				BUNDLE_LOADER = "$(TEST_HOST)";
				FRAMEWORK_SEARCH_PATHS = (
					"$(SDKROOT)/Developer/Library/Frameworks",
					"$(inherited)",
				);
				INFOPLIST_FILE = "Slider SamplerTests/Info.plist";
				LD_RUNPATH_SEARCH_PATHS = "$(inherited) @executable_path/Frameworks @loader_path/Frameworks";
				PRODUCT_NAME = "$(TARGET_NAME)";
				TEST_HOST = "$(BUILT_PRODUCTS_DIR)/Slider Sampler.app/Slider Sampler";
			};
			name = Release;
		};
/* End XCBuildConfiguration section */

/* Begin XCConfigurationList section */
		969FB7921AE55DA900462553 /* Build configuration list for PBXProject "Slider Sampler" */ = {
			isa = XCConfigurationList;
			buildConfigurations = (
				969FB7B41AE55DAA00462553 /* Debug */,
				969FB7B51AE55DAA00462553 /* Release */,
			);
			defaultConfigurationIsVisible = 0;
			defaultConfigurationName = Release;
		};
		969FB7B61AE55DAA00462553 /* Build configuration list for PBXNativeTarget "Slider Sampler" */ = {
			isa = XCConfigurationList;
			buildConfigurations = (
				969FB7B71AE55DAA00462553 /* Debug */,
				969FB7B81AE55DAA00462553 /* Release */,
			);
			defaultConfigurationIsVisible = 0;
		};
		969FB7B91AE55DAA00462553 /* Build configuration list for PBXNativeTarget "Slider SamplerTests" */ = {
			isa = XCConfigurationList;
			buildConfigurations = (
				969FB7BA1AE55DAA00462553 /* Debug */,
				969FB7BB1AE55DAA00462553 /* Release */,
			);
			defaultConfigurationIsVisible = 0;
		};
/* End XCConfigurationList section */
	};
	rootObject = 969FB78F1AE55DA900462553 /* Project object */;
}
